
Microsoft Visual Studio Solution File, Format Version 12.00
# Visual Studio 15
VisualStudioVersion = 15.0.28010.2036
MinimumVisualStudioVersion = 10.0.40219.1
Project("{8BC9CEB8-8B4A-11D0-8D11-00A0C91BC942}") = "TestCallback_Lib", "TestCallback_Lib\TestCallback_Lib.vcxproj", "{AE7D3C81-9FE3-4B3E-8567-70CC4327222C}"
EndProject
Project("{FAE04EC0-301F-11D3-BF4B-00C04F79EFBC}") = "TestCallback_App", "TestCallback_App\TestCallback_App.csproj", "{10DF48A3-9580-4478-BC73-FB2CF5D2BC32}"
	ProjectSection(ProjectDependencies) = postProject
		{AE7D3C81-9FE3-4B3E-8567-70CC4327222C} = {AE7D3C81-9FE3-4B3E-8567-70CC4327222C}
	EndProjectSection
EndProject
Global
	GlobalSection(SolutionConfigurationPlatforms) = preSolution
		Debug|Any CPU = Debug|Any CPU
		Debug|x64 = Debug|x64
		Debug|x86 = Debug|x86
		Release|Any CPU = Release|Any CPU
		Release|x64 = Release|x64
		Release|x86 = Release|x86
	EndGlobalSection
	GlobalSection(ProjectConfigurationPlatforms) = postSolution
		{AE7D3C81-9FE3-4B3E-8567-70CC4327222C}.Debug|Any CPU.ActiveCfg = Debug|Win32
		{AE7D3C81-9FE3-4B3E-8567-70CC4327222C}.Debug|x64.ActiveCfg = Debug|x64
		{AE7D3C81-9FE3-4B3E-8567-70CC4327222C}.Debug|x64.Build.0 = Debug|x64
		{AE7D3C81-9FE3-4B3E-8567-70CC4327222C}.Debug|x86.ActiveCfg = Debug|Win32
		{AE7D3C81-9FE3-4B3E-8567-70CC4327222C}.Debug|x86.Build.0 = Debug|Win32
		{AE7D3C81-9FE3-4B3E-8567-70CC4327222C}.Release|Any CPU.ActiveCfg = Release|Win32
		{AE7D3C81-9FE3-4B3E-8567-70CC4327222C}.Release|x64.ActiveCfg = Release|x64
		{AE7D3C81-9FE3-4B3E-8567-70CC4327222C}.Release|x64.Build.0 = Release|x64
		{AE7D3C81-9FE3-4B3E-8567-70CC4327222C}.Release|x86.ActiveCfg = Release|Win32
		{AE7D3C81-9FE3-4B3E-8567-70CC4327222C}.Release|x86.Build.0 = Release|Win32
		{10DF48A3-9580-4478-BC73-FB2CF5D2BC32}.Debug|Any CPU.ActiveCfg = Debug|Any CPU
		{10DF48A3-9580-4478-BC73-FB2CF5D2BC32}.Debug|Any CPU.Build.0 = Debug|Any CPU
		{10DF48A3-9580-4478-BC73-FB2CF5D2BC32}.Debug|x64.ActiveCfg = Debug|Any CPU
		{10DF48A3-9580-4478-BC73-FB2CF5D2BC32}.Debug|x64.Build.0 = Debug|Any CPU
		{10DF48A3-9580-4478-BC73-FB2CF5D2BC32}.Debug|x86.ActiveCfg = Debug|Any CPU
		{10DF48A3-9580-4478-BC73-FB2CF5D2BC32}.Debug|x86.Build.0 = Debug|Any CPU
		{10DF48A3-9580-4478-BC73-FB2CF5D2BC32}.Release|Any CPU.ActiveCfg = Release|Any CPU
		{10DF48A3-9580-4478-BC73-FB2CF5D2BC32}.Release|Any CPU.Build.0 = Release|Any CPU
		{10DF48A3-9580-4478-BC73-FB2CF5D2BC32}.Release|x64.ActiveCfg = Release|Any CPU
		{10DF48A3-9580-4478-BC73-FB2CF5D2BC32}.Release|x64.Build.0 = Release|Any CPU
		{10DF48A3-9580-4478-BC73-FB2CF5D2BC32}.Release|x86.ActiveCfg = Release|Any CPU
		{10DF48A3-9580-4478-BC73-FB2CF5D2BC32}.Release|x86.Build.0 = Release|Any CPU
	EndGlobalSection
	GlobalSection(SolutionProperties) = preSolution
		HideSolutionNode = FALSE
	EndGlobalSection
	GlobalSection(ExtensibilityGlobals) = postSolution
		SolutionGuid = {D0F6D63F-F6F0-4092-9E54-9825E137DF62}
	EndGlobalSection
EndGlobal
